
Microsoft Visual Studio Solution File, Format Version 12.00
# Visual Studio Version 17
VisualStudioVersion = 17.9.34723.18
MinimumVisualStudioVersion = 10.0.40219.1
Project("{9A19103F-16F7-4668-BE54-9A1E7A4F7556}") = "WebAPI_Lab1", "WebAPI_Lab1\WebAPI_Lab1.csproj", "{87A9A904-3A1A-4B3A-90A2-BC49CD75D4EE}"
EndProject
Project("{FAE04EC0-301F-11D3-BF4B-00C04F79EFBC}") = "WebAPI_Lab2", "WebAPI_Lab2\WebAPI_Lab2.csproj", "{0675EC77-D7CA-439E-96A6-A352E3F18EC0}"
EndProject
Global
	GlobalSection(SolutionConfigurationPlatforms) = preSolution
		Debug|Any CPU = Debug|Any CPU
		Release|Any CPU = Release|Any CPU
	EndGlobalSection
	GlobalSection(ProjectConfigurationPlatforms) = postSolution
		{87A9A904-3A1A-4B3A-90A2-BC49CD75D4EE}.Debug|Any CPU.ActiveCfg = Debug|Any CPU
		{87A9A904-3A1A-4B3A-90A2-BC49CD75D4EE}.Debug|Any CPU.Build.0 = Debug|Any CPU
		{87A9A904-3A1A-4B3A-90A2-BC49CD75D4EE}.Release|Any CPU.ActiveCfg = Release|Any CPU
		{87A9A904-3A1A-4B3A-90A2-BC49CD75D4EE}.Release|Any CPU.Build.0 = Release|Any CPU
		{0675EC77-D7CA-439E-96A6-A352E3F18EC0}.Debug|Any CPU.ActiveCfg = Debug|Any CPU
		{0675EC77-D7CA-439E-96A6-A352E3F18EC0}.Debug|Any CPU.Build.0 = Debug|Any CPU
		{0675EC77-D7CA-439E-96A6-A352E3F18EC0}.Release|Any CPU.ActiveCfg = Release|Any CPU
		{0675EC77-D7CA-439E-96A6-A352E3F18EC0}.Release|Any CPU.Build.0 = Release|Any CPU
	EndGlobalSection
	GlobalSection(SolutionProperties) = preSolution
		HideSolutionNode = FALSE
	EndGlobalSection
	GlobalSection(ExtensibilityGlobals) = postSolution
		SolutionGuid = {72571327-02DF-4761-BD94-085B5D478782}
	EndGlobalSection
EndGlobal
